# Exact Python 3.12 development/runtime closure for Agent-EX Phase 3A.
# SHA-256 may be computed with: Get-FileHash requirements-dev.lock -Algorithm SHA256
attrs==26.1.0
colorama==0.4.6
coverage==7.15.2
iniconfig==2.3.0
jsonschema==4.26.0
jsonschema-specifications==2025.9.1
packaging==26.2
pluggy==1.6.0
Pygments==2.20.0
pytest==9.1.1
pytest-cov==7.1.0
PyYAML==6.0.3
referencing==0.37.0
rpds-py==2026.6.3
ruff==0.15.20
setuptools==83.0.0
typing_extensions==4.16.0
